// !$*UTF8*$!
{
	archiveVersion = 1;
	classes = {
	};
	objectVersion = 56;
	objects = {

/* Begin PBXBuildFile section */
		EF8235DCBF71042CD68FF3E4 /* JurassicSoundboardApp.swift in Sources */ = {isa = PBXBuildFile; fileRef = 6FEAC21CC6044021B063ED85 /* JurassicSoundboardApp.swift */; };
		05B175C11C2322B804584982 /* SoundModel.swift in Sources */ = {isa = PBXBuildFile; fileRef = E707F0E6A596BF177D09CE8E /* SoundModel.swift */; };
		B4232E30D5FC891E8F0808FB /* SoundManager.swift in Sources */ = {isa = PBXBuildFile; fileRef = 033867C29D2F5823C279E287 /* SoundManager.swift */; };
		FD1CA8A40D554ABA195841F9 /* ContentView.swift in Sources */ = {isa = PBXBuildFile; fileRef = 579B9F93A9D6969714A0EAA2 /* ContentView.swift */; };
		4BF8C6A87B4F2748BC832C91 /* SoundButtonView.swift in Sources */ = {isa = PBXBuildFile; fileRef = A24E58B4E051CC0E78F7D3EF /* SoundButtonView.swift */; };
		11B1918639E329F1096075B5 /* Assets.xcassets in Resources */ = {isa = PBXBuildFile; fileRef = BEC9EC63686D3B7D75722AB2 /* Assets.xcassets */; };
		98CA5677B9CF6029E36B319E /* Sounds in Resources */ = {isa = PBXBuildFile; fileRef = C50515CF581ACEB47E703BF8 /* Sounds */; };
/* End PBXBuildFile section */

/* Begin PBXFileReference section */
		26FC798C2395B707AB519D34 /* JurassicSoundboard.app */ = {isa = PBXFileReference; explicitFileType = wrapper.application; includeInIndex = 0; path = JurassicSoundboard.app; sourceTree = BUILT_PRODUCTS_DIR; };
		6FEAC21CC6044021B063ED85 /* JurassicSoundboardApp.swift */ = {isa = PBXFileReference; lastKnownFileType = sourcecode.swift; path = JurassicSoundboardApp.swift; sourceTree = "<group>"; };
		E707F0E6A596BF177D09CE8E /* SoundModel.swift */ = {isa = PBXFileReference; lastKnownFileType = sourcecode.swift; path = SoundModel.swift; sourceTree = "<group>"; };
		033867C29D2F5823C279E287 /* SoundManager.swift */ = {isa = PBXFileReference; lastKnownFileType = sourcecode.swift; path = SoundManager.swift; sourceTree = "<group>"; };
		579B9F93A9D6969714A0EAA2 /* ContentView.swift */ = {isa = PBXFileReference; lastKnownFileType = sourcecode.swift; path = ContentView.swift; sourceTree = "<group>"; };
		A24E58B4E051CC0E78F7D3EF /* SoundButtonView.swift */ = {isa = PBXFileReference; lastKnownFileType = sourcecode.swift; path = SoundButtonView.swift; sourceTree = "<group>"; };
		BEC9EC63686D3B7D75722AB2 /* Assets.xcassets */ = {isa = PBXFileReference; lastKnownFileType = folder.assetcatalog; path = Assets.xcassets; sourceTree = "<group>"; };
		C50515CF581ACEB47E703BF8 /* Sounds */ = {isa = PBXFileReference; lastKnownFileType = folder; name = Sounds; path = "../jurassic-soundboard/sounds"; sourceTree = SOURCE_ROOT; };
/* End PBXFileReference section */

/* Begin PBXFrameworksBuildPhase section */
		DF7D1D4149529A6BE61EFDD4 /* Frameworks */ = {
			isa = PBXFrameworksBuildPhase;
			buildActionMask = 2147483647;
			files = (
			);
			runOnlyForDeploymentPostprocessing = 0;
		};
/* End PBXFrameworksBuildPhase section */

/* Begin PBXGroup section */
		238C4E7AB7F74853433988F0 = {
			isa = PBXGroup;
			children = (
				B9AC123D635D42F59A6FA191 /* JurassicSoundboard */,
				0E4789BE2AD0F9265BEA3215 /* Products */,
			);
			sourceTree = "<group>";
		};
		0E4789BE2AD0F9265BEA3215 /* Products */ = {
			isa = PBXGroup;
			children = (
				26FC798C2395B707AB519D34 /* JurassicSoundboard.app */,
			);
			name = Products;
			sourceTree = "<group>";
		};
		B9AC123D635D42F59A6FA191 /* JurassicSoundboard */ = {
			isa = PBXGroup;
			children = (
				6FEAC21CC6044021B063ED85 /* JurassicSoundboardApp.swift */,
				E707F0E6A596BF177D09CE8E /* SoundModel.swift */,
				033867C29D2F5823C279E287 /* SoundManager.swift */,
				579B9F93A9D6969714A0EAA2 /* ContentView.swift */,
				A24E58B4E051CC0E78F7D3EF /* SoundButtonView.swift */,
				BEC9EC63686D3B7D75722AB2 /* Assets.xcassets */,
				C50515CF581ACEB47E703BF8 /* Sounds */,
			);
			path = JurassicSoundboard;
			sourceTree = "<group>";
		};
/* End PBXGroup section */

/* Begin PBXNativeTarget section */
		FDAE410CB892C5C9EA08159D /* JurassicSoundboard */ = {
			isa = PBXNativeTarget;
			buildConfigurationList = 1FAD844FC7C036D2803691EB /* Build configuration list for PBXNativeTarget "JurassicSoundboard" */;
			buildPhases = (
				02C2D02A7FDF1C524B3CBAEA /* Sources */,
				DF7D1D4149529A6BE61EFDD4 /* Frameworks */,
				903834991A18C713A1211D2C /* Resources */,
			);
			buildRules = (
			);
			dependencies = (
			);
			name = JurassicSoundboard;
			productName = JurassicSoundboard;
			productReference = 26FC798C2395B707AB519D34 /* JurassicSoundboard.app */;
			productType = "com.apple.product-type.application";
		};
/* End PBXNativeTarget section */

/* Begin PBXProject section */
		6EDC394721870C1F2A911388 /* Project object */ = {
			isa = PBXProject;
			attributes = {
				BuildIndependentTargetsInParallel = 1;
				LastSwiftUpdateCheck = 1540;
				LastUpgradeCheck = 1540;
				TargetAttributes = {
					FDAE410CB892C5C9EA08159D = {
						CreatedOnToolsVersion = 15.4;
					};
				};
			};
			buildConfigurationList = AECC33E9971C40CB2479E5B1 /* Build configuration list for PBXProject "JurassicSoundboard" */;
			compatibilityVersion = "Xcode 14.0";
			developmentRegion = en;
			hasScannedForEncodings = 0;
			knownRegions = (
				en,
				Base,
			);
			mainGroup = 238C4E7AB7F74853433988F0;
			productRefGroup = 0E4789BE2AD0F9265BEA3215 /* Products */;
			projectDirPath = "";
			projectRoot = "";
			targets = (
				FDAE410CB892C5C9EA08159D /* JurassicSoundboard */,
			);
		};
/* End PBXProject section */

/* Begin PBXResourcesBuildPhase section */
		903834991A18C713A1211D2C /* Resources */ = {
			isa = PBXResourcesBuildPhase;
			buildActionMask = 2147483647;
			files = (
				11B1918639E329F1096075B5 /* Assets.xcassets in Resources */,
				98CA5677B9CF6029E36B319E /* Sounds in Resources */,
			);
			runOnlyForDeploymentPostprocessing = 0;
		};
/* End PBXResourcesBuildPhase section */

/* Begin PBXSourcesBuildPhase section */
		02C2D02A7FDF1C524B3CBAEA /* Sources */ = {
			isa = PBXSourcesBuildPhase;
			buildActionMask = 2147483647;
			files = (
				EF8235DCBF71042CD68FF3E4 /* JurassicSoundboardApp.swift in Sources */,
				05B175C11C2322B804584982 /* SoundModel.swift in Sources */,
				B4232E30D5FC891E8F0808FB /* SoundManager.swift in Sources */,
				FD1CA8A40D554ABA195841F9 /* ContentView.swift in Sources */,
				4BF8C6A87B4F2748BC832C91 /* SoundButtonView.swift in Sources */,
			);
			runOnlyForDeploymentPostprocessing = 0;
		};
/* End PBXSourcesBuildPhase section */

/* Begin XCBuildConfiguration section */
		C47A54C8ABB5F3C0D037B030 /* Debug */ = {
			isa = XCBuildConfiguration;
			buildSettings = {
				ALWAYS_SEARCH_USER_PATHS = NO;
				CLANG_ANALYZER_NONNULL = YES;
				CLANG_CXX_LANGUAGE_STANDARD = "gnu++20";
				CLANG_ENABLE_MODULES = YES;
				CLANG_ENABLE_OBJC_ARC = YES;
				CLANG_ENABLE_OBJC_WEAK = YES;
				CLANG_WARN_BLOCK_CAPTURE_AUTORELEASING = YES;
				CLANG_WARN_BOOL_CONVERSION = YES;
				CLANG_WARN_COMMA = YES;
				CLANG_WARN_CONSTANT_CONVERSION = YES;
				CLANG_WARN_DEPRECATED_OBJC_IMPLEMENTATIONS = YES;
				CLANG_WARN_DIRECT_OBJC_ISA_USAGE = YES_ERROR;
				CLANG_WARN_EMPTY_BODY = YES;
				CLANG_WARN_ENUM_CONVERSION = YES;
				CLANG_WARN_INFINITE_RECURSION = YES;
				CLANG_WARN_INT_CONVERSION = YES;
				CLANG_WARN_NON_LITERAL_NULL_CONVERSION = YES;
				CLANG_WARN_OBJC_IMPLICIT_RETAIN_CYCLE = YES;
				CLANG_WARN_OBJC_LITERAL_CONVERSION = YES;
				CLANG_WARN_OBJC_ROOT_CLASS = YES_ERROR;
				CLANG_WARN_RANGE_LOOP_ANALYSIS = YES;
				CLANG_WARN_STRICT_PROTOTYPES = YES;
				CLANG_WARN_SUSPICIOUS_MOVE = YES;
				CLANG_WARN_UNREACHABLE_CODE = YES;
				CLANG_WARN__DUPLICATE_METHOD_MATCH = YES;
				COPY_PHASE_STRIP = NO;
				DEBUG_INFORMATION_FORMAT = dwarf;
				ENABLE_STRICT_OBJC_MSGSEND = YES;
				ENABLE_TESTABILITY = YES;
				GCC_C_LANGUAGE_STANDARD = gnu17;
				GCC_DYNAMIC_NO_PIC = NO;
				GCC_NO_COMMON_BLOCKS = YES;
				GCC_OPTIMIZATION_LEVEL = 0;
				GCC_PREPROCESSOR_DEFINITIONS = (
					"DEBUG=1",
					"$(inherited)",
				);
				GCC_WARN_64_TO_32_BIT_CONVERSION = YES;
				GCC_WARN_ABOUT_RETURN_TYPE = YES_ERROR;
				GCC_WARN_UNDECLARED_SELECTOR = YES;
				GCC_WARN_UNINITIALIZED_AUTOS = YES_AGGRESSIVE;
				GCC_WARN_UNUSED_FUNCTION = YES;
				GCC_WARN_UNUSED_VARIABLE = YES;
				IPHONEOS_DEPLOYMENT_TARGET = 16.0;
				MTL_ENABLE_DEBUG_INFO = INCLUDE_SOURCE;
				MTL_FAST_MATH = YES;
				ONLY_ACTIVE_ARCH = YES;
				SDKROOT = iphoneos;
				SWIFT_ACTIVE_COMPILATION_CONDITIONS = "DEBUG $(inherited)";
				SWIFT_OPTIMIZATION_LEVEL = "-Onone";
			};
			name = Debug;
		};
		37FE6DE5CE1DA9860A743298 /* Release */ = {
			isa = XCBuildConfiguration;
			buildSettings = {
				ALWAYS_SEARCH_USER_PATHS = NO;
				CLANG_ANALYZER_NONNULL = YES;
				CLANG_CXX_LANGUAGE_STANDARD = "gnu++20";
				CLANG_ENABLE_MODULES = YES;
				CLANG_ENABLE_OBJC_ARC = YES;
				CLANG_ENABLE_OBJC_WEAK = YES;
				CLANG_WARN_BLOCK_CAPTURE_AUTORELEASING = YES;
				CLANG_WARN_BOOL_CONVERSION = YES;
				CLANG_WARN_COMMA = YES;
				CLANG_WARN_CONSTANT_CONVERSION = YES;
				CLANG_WARN_DEPRECATED_OBJC_IMPLEMENTATIONS = YES;
				CLANG_WARN_DIRECT_OBJC_ISA_USAGE = YES_ERROR;
				CLANG_WARN_EMPTY_BODY = YES;
				CLANG_WARN_ENUM_CONVERSION = YES;
				CLANG_WARN_INFINITE_RECURSION = YES;
				CLANG_WARN_INT_CONVERSION = YES;
				CLANG_WARN_NON_LITERAL_NULL_CONVERSION = YES;
				CLANG_WARN_OBJC_IMPLICIT_RETAIN_CYCLE = YES;
				CLANG_WARN_OBJC_LITERAL_CONVERSION = YES;
				CLANG_WARN_OBJC_ROOT_CLASS = YES_ERROR;
				CLANG_WARN_RANGE_LOOP_ANALYSIS = YES;
				CLANG_WARN_STRICT_PROTOTYPES = YES;
				CLANG_WARN_SUSPICIOUS_MOVE = YES;
				CLANG_WARN_UNREACHABLE_CODE = YES;
				CLANG_WARN__DUPLICATE_METHOD_MATCH = YES;
				COPY_PHASE_STRIP = NO;
				DEBUG_INFORMATION_FORMAT = "dwarf-with-dsym";
				ENABLE_NS_ASSERTIONS = NO;
				ENABLE_STRICT_OBJC_MSGSEND = YES;
				GCC_C_LANGUAGE_STANDARD = gnu17;
				GCC_NO_COMMON_BLOCKS = YES;
				GCC_WARN_64_TO_32_BIT_CONVERSION = YES;
				GCC_WARN_ABOUT_RETURN_TYPE = YES_ERROR;
				GCC_WARN_UNDECLARED_SELECTOR = YES;
				GCC_WARN_UNINITIALIZED_AUTOS = YES_AGGRESSIVE;
				GCC_WARN_UNUSED_FUNCTION = YES;
				GCC_WARN_UNUSED_VARIABLE = YES;
				IPHONEOS_DEPLOYMENT_TARGET = 16.0;
				MTL_FAST_MATH = YES;
				SDKROOT = iphoneos;
				SWIFT_COMPILATION_MODE = wholemodule;
				SWIFT_OPTIMIZATION_LEVEL = "-O";
				VALIDATE_PRODUCT = YES;
			};
			name = Release;
		};
		3FBA4D052C8AB0045D245113 /* Debug */ = {
			isa = XCBuildConfiguration;
			buildSettings = {
				ASSETCATALOG_COMPILER_APPICON_NAME = AppIcon;
				ASSETCATALOG_COMPILER_GLOBAL_ACCENT_COLOR_NAME = AccentColor;
				BUNDLE_IDENTIFIER = com.family.jurassicsoundboard;
				CURRENT_PROJECT_VERSION = 1;
				GENERATE_INFOPLIST_FILE = YES;
				INFOPLIST_KEY_UIApplicationSceneManifest_Generation = YES;
				INFOPLIST_KEY_UIApplicationSupportsIndirectInputEvents = YES;
				INFOPLIST_KEY_UILaunchScreen_Generation = YES;
				INFOPLIST_KEY_UIRequiresFullScreen = YES;
				INFOPLIST_KEY_UISupportedInterfaceOrientations_iPad = "UIInterfaceOrientationPortrait UIInterfaceOrientationPortraitUpsideDown UIInterfaceOrientationLandscapeLeft UIInterfaceOrientationLandscapeRight";
				INFOPLIST_KEY_UISupportedInterfaceOrientations_iPhone = "UIInterfaceOrientationPortrait UIInterfaceOrientationLandscapeLeft UIInterfaceOrientationLandscapeRight";
				IPHONEOS_DEPLOYMENT_TARGET = 16.0;
				LD_RUNPATH_SEARCH_PATHS = (
					"$(inherited)",
					"@executable_path/Frameworks",
				);
				MARKETING_VERSION = 1.0;
				PRODUCT_BUNDLE_IDENTIFIER = com.family.jurassicsoundboard;
				PRODUCT_NAME = "$(TARGET_NAME)";
				SWIFT_EMIT_LOC_STRINGS = YES;
				SWIFT_VERSION = 5.0;
				TARGETED_DEVICE_FAMILY = "1,2";
			};
			name = Debug;
		};
		9DE976D621303CE87D9FE86A /* Release */ = {
			isa = XCBuildConfiguration;
			buildSettings = {
				ASSETCATALOG_COMPILER_APPICON_NAME = AppIcon;
				ASSETCATALOG_COMPILER_GLOBAL_ACCENT_COLOR_NAME = AccentColor;
				BUNDLE_IDENTIFIER = com.family.jurassicsoundboard;
				CURRENT_PROJECT_VERSION = 1;
				GENERATE_INFOPLIST_FILE = YES;
				INFOPLIST_KEY_UIApplicationSceneManifest_Generation = YES;
				INFOPLIST_KEY_UIApplicationSupportsIndirectInputEvents = YES;
				INFOPLIST_KEY_UILaunchScreen_Generation = YES;
				INFOPLIST_KEY_UIRequiresFullScreen = YES;
				INFOPLIST_KEY_UISupportedInterfaceOrientations_iPad = "UIInterfaceOrientationPortrait UIInterfaceOrientationPortraitUpsideDown UIInterfaceOrientationLandscapeLeft UIInterfaceOrientationLandscapeRight";
				INFOPLIST_KEY_UISupportedInterfaceOrientations_iPhone = "UIInterfaceOrientationPortrait UIInterfaceOrientationLandscapeLeft UIInterfaceOrientationLandscapeRight";
				IPHONEOS_DEPLOYMENT_TARGET = 16.0;
				LD_RUNPATH_SEARCH_PATHS = (
					"$(inherited)",
					"@executable_path/Frameworks",
				);
				MARKETING_VERSION = 1.0;
				PRODUCT_BUNDLE_IDENTIFIER = com.family.jurassicsoundboard;
				PRODUCT_NAME = "$(TARGET_NAME)";
				SWIFT_EMIT_LOC_STRINGS = YES;
				SWIFT_VERSION = 5.0;
				TARGETED_DEVICE_FAMILY = "1,2";
			};
			name = Release;
		};
/* End XCBuildConfiguration section */

/* Begin XCConfigurationList section */
		AECC33E9971C40CB2479E5B1 /* Build configuration list for PBXProject "JurassicSoundboard" */ = {
			isa = XCConfigurationList;
			buildConfigurations = (
				C47A54C8ABB5F3C0D037B030 /* Debug */,
				37FE6DE5CE1DA9860A743298 /* Release */,
			);
			defaultConfigurationIsVisible = 0;
			defaultConfigurationName = Release;
		};
		1FAD844FC7C036D2803691EB /* Build configuration list for PBXNativeTarget "JurassicSoundboard" */ = {
			isa = XCConfigurationList;
			buildConfigurations = (
				3FBA4D052C8AB0045D245113 /* Debug */,
				9DE976D621303CE87D9FE86A /* Release */,
			);
			defaultConfigurationIsVisible = 0;
			defaultConfigurationName = Release;
		};
/* End XCConfigurationList section */
	};
	rootObject = 6EDC394721870C1F2A911388 /* Project object */;
}
